
Microsoft Visual Studio Solution File, Format Version 12.00
# Visual Studio Version 17
VisualStudioVersion = 17.0.31903.59
MinimumVisualStudioVersion = 10.0.40219.1
Project("{FAE04EC0-301F-11D3-BF4B-00C04F79EFBC}") = "THE-THREE-CASES", "THE-THREE-CASES\THE-THREE-CASES.csproj", "{24F42579-E28C-4AE8-B92B-817F59FBD6E9}"
EndProject
Project("{FAE04EC0-301F-11D3-BF4B-00C04F79EFBC}") = "ALL-ClassLibrary", "ALL-ClassLibrary\ALL-ClassLibrary.csproj", "{0817F545-370A-4C90-BC1D-4D2BA4D98A9B}"
EndProject
Global
	GlobalSection(SolutionConfigurationPlatforms) = preSolution
		Debug|Any CPU = Debug|Any CPU
		Release|Any CPU = Release|Any CPU
	EndGlobalSection
	GlobalSection(ProjectConfigurationPlatforms) = postSolution
		{24F42579-E28C-4AE8-B92B-817F59FBD6E9}.Debug|Any CPU.ActiveCfg = Debug|Any CPU
		{24F42579-E28C-4AE8-B92B-817F59FBD6E9}.Debug|Any CPU.Build.0 = Debug|Any CPU
		{24F42579-E28C-4AE8-B92B-817F59FBD6E9}.Release|Any CPU.ActiveCfg = Release|Any CPU
		{24F42579-E28C-4AE8-B92B-817F59FBD6E9}.Release|Any CPU.Build.0 = Release|Any CPU
		{0817F545-370A-4C90-BC1D-4D2BA4D98A9B}.Debug|Any CPU.ActiveCfg = Debug|Any CPU
		{0817F545-370A-4C90-BC1D-4D2BA4D98A9B}.Debug|Any CPU.Build.0 = Debug|Any CPU
		{0817F545-370A-4C90-BC1D-4D2BA4D98A9B}.Release|Any CPU.ActiveCfg = Release|Any CPU
		{0817F545-370A-4C90-BC1D-4D2BA4D98A9B}.Release|Any CPU.Build.0 = Release|Any CPU
	EndGlobalSection
	GlobalSection(SolutionProperties) = preSolution
		HideSolutionNode = FALSE
	EndGlobalSection
	GlobalSection(ExtensibilityGlobals) = postSolution
		SolutionGuid = {FBF536B5-1F67-4965-A6CC-709EE41FC717}
	EndGlobalSection
EndGlobal
